
Microsoft Visual Studio Solution File, Format Version 12.00
# Visual Studio Version 16
VisualStudioVersion = 16.0.29911.84
MinimumVisualStudioVersion = 10.0.40219.1
Project("{FAE04EC0-301F-11D3-BF4B-00C04F79EFBC}") = "WebApp", "WebApp\WebApp.csproj", "{B3088F41-672B-4A53-85BE-32C03F462E59}"
EndProject
Project("{FAE04EC0-301F-11D3-BF4B-00C04F79EFBC}") = "Models", "Models\Models.csproj", "{DD8EED8E-5E14-4A1D-B1D0-B94A059FE509}"
EndProject
Project("{FAE04EC0-301F-11D3-BF4B-00C04F79EFBC}") = "Services", "Services\Services.csproj", "{7628AF4A-90B9-4AF3-BEBA-5F798180B383}"
EndProject
Project("{FAE04EC0-301F-11D3-BF4B-00C04F79EFBC}") = "WebAPI", "WebAPI\WebAPI.csproj", "{CF20EC53-78DB-4885-B6CD-C1D85B244A93}"
EndProject
Global
	GlobalSection(SolutionConfigurationPlatforms) = preSolution
		Debug|Any CPU = Debug|Any CPU
		Release|Any CPU = Release|Any CPU
	EndGlobalSection
	GlobalSection(ProjectConfigurationPlatforms) = postSolution
		{B3088F41-672B-4A53-85BE-32C03F462E59}.Debug|Any CPU.ActiveCfg = Debug|Any CPU
		{B3088F41-672B-4A53-85BE-32C03F462E59}.Debug|Any CPU.Build.0 = Debug|Any CPU
		{B3088F41-672B-4A53-85BE-32C03F462E59}.Release|Any CPU.ActiveCfg = Release|Any CPU
		{B3088F41-672B-4A53-85BE-32C03F462E59}.Release|Any CPU.Build.0 = Release|Any CPU
		{DD8EED8E-5E14-4A1D-B1D0-B94A059FE509}.Debug|Any CPU.ActiveCfg = Debug|Any CPU
		{DD8EED8E-5E14-4A1D-B1D0-B94A059FE509}.Debug|Any CPU.Build.0 = Debug|Any CPU
		{DD8EED8E-5E14-4A1D-B1D0-B94A059FE509}.Release|Any CPU.ActiveCfg = Release|Any CPU
		{DD8EED8E-5E14-4A1D-B1D0-B94A059FE509}.Release|Any CPU.Build.0 = Release|Any CPU
		{7628AF4A-90B9-4AF3-BEBA-5F798180B383}.Debug|Any CPU.ActiveCfg = Debug|Any CPU
		{7628AF4A-90B9-4AF3-BEBA-5F798180B383}.Debug|Any CPU.Build.0 = Debug|Any CPU
		{7628AF4A-90B9-4AF3-BEBA-5F798180B383}.Release|Any CPU.ActiveCfg = Release|Any CPU
		{7628AF4A-90B9-4AF3-BEBA-5F798180B383}.Release|Any CPU.Build.0 = Release|Any CPU
		{CF20EC53-78DB-4885-B6CD-C1D85B244A93}.Debug|Any CPU.ActiveCfg = Debug|Any CPU
		{CF20EC53-78DB-4885-B6CD-C1D85B244A93}.Debug|Any CPU.Build.0 = Debug|Any CPU
		{CF20EC53-78DB-4885-B6CD-C1D85B244A93}.Release|Any CPU.ActiveCfg = Release|Any CPU
		{CF20EC53-78DB-4885-B6CD-C1D85B244A93}.Release|Any CPU.Build.0 = Release|Any CPU
	EndGlobalSection
	GlobalSection(SolutionProperties) = preSolution
		HideSolutionNode = FALSE
	EndGlobalSection
	GlobalSection(ExtensibilityGlobals) = postSolution
		SolutionGuid = {3805A100-CB46-4EA4-B2B4-538E5F277FB4}
	EndGlobalSection
EndGlobal
